
Microsoft Visual Studio Solution File, Format Version 12.00
# Visual Studio Version 17
VisualStudioVersion = 17.5.33627.172
MinimumVisualStudioVersion = 10.0.40219.1
Project("{FAE04EC0-301F-11D3-BF4B-00C04F79EFBC}") = "calcUVW.UWP", "calcUVW\calcUVW.UWP\calcUVW.UWP.csproj", "{EF92CF8B-C8A4-49D4-B7D3-9FC604991467}"
EndProject
Project("{FAE04EC0-301F-11D3-BF4B-00C04F79EFBC}") = "calcUVW.Android", "calcUVW\calcUVW.Android\calcUVW.Android.csproj", "{A10F6A90-21D2-461C-AD92-6B6AC328D886}"
EndProject
Project("{FAE04EC0-301F-11D3-BF4B-00C04F79EFBC}") = "calcUVW.iOS", "calcUVW\calcUVW.iOS\calcUVW.iOS.csproj", "{7246C41C-8279-4539-A812-0C01379CFBFA}"
EndProject
Project("{FAE04EC0-301F-11D3-BF4B-00C04F79EFBC}") = "calcUVW", "calcUVW\calcUVW\calcUVW.csproj", "{33543620-3E00-4C1C-86C0-5768A250813A}"
EndProject
Global
	GlobalSection(SolutionConfigurationPlatforms) = preSolution
		Debug|Any CPU = Debug|Any CPU
		Debug|ARM = Debug|ARM
		Debug|iPhone = Debug|iPhone
		Debug|iPhoneSimulator = Debug|iPhoneSimulator
		Debug|x64 = Debug|x64
		Debug|x86 = Debug|x86
		Release|Any CPU = Release|Any CPU
		Release|ARM = Release|ARM
		Release|iPhone = Release|iPhone
		Release|iPhoneSimulator = Release|iPhoneSimulator
		Release|x64 = Release|x64
		Release|x86 = Release|x86
	EndGlobalSection
	GlobalSection(ProjectConfigurationPlatforms) = postSolution
		{EF92CF8B-C8A4-49D4-B7D3-9FC604991467}.Debug|Any CPU.ActiveCfg = Debug|x64
		{EF92CF8B-C8A4-49D4-B7D3-9FC604991467}.Debug|Any CPU.Build.0 = Debug|x64
		{EF92CF8B-C8A4-49D4-B7D3-9FC604991467}.Debug|Any CPU.Deploy.0 = Debug|x64
		{EF92CF8B-C8A4-49D4-B7D3-9FC604991467}.Debug|ARM.ActiveCfg = Debug|ARM
		{EF92CF8B-C8A4-49D4-B7D3-9FC604991467}.Debug|ARM.Build.0 = Debug|ARM
		{EF92CF8B-C8A4-49D4-B7D3-9FC604991467}.Debug|ARM.Deploy.0 = Debug|ARM
		{EF92CF8B-C8A4-49D4-B7D3-9FC604991467}.Debug|iPhone.ActiveCfg = Debug|x64
		{EF92CF8B-C8A4-49D4-B7D3-9FC604991467}.Debug|iPhone.Build.0 = Debug|x64
		{EF92CF8B-C8A4-49D4-B7D3-9FC604991467}.Debug|iPhone.Deploy.0 = Debug|x64
		{EF92CF8B-C8A4-49D4-B7D3-9FC604991467}.Debug|iPhoneSimulator.ActiveCfg = Debug|x64
		{EF92CF8B-C8A4-49D4-B7D3-9FC604991467}.Debug|iPhoneSimulator.Build.0 = Debug|x64
		{EF92CF8B-C8A4-49D4-B7D3-9FC604991467}.Debug|iPhoneSimulator.Deploy.0 = Debug|x64
		{EF92CF8B-C8A4-49D4-B7D3-9FC604991467}.Debug|x64.ActiveCfg = Debug|x64
		{EF92CF8B-C8A4-49D4-B7D3-9FC604991467}.Debug|x64.Build.0 = Debug|x64
		{EF92CF8B-C8A4-49D4-B7D3-9FC604991467}.Debug|x64.Deploy.0 = Debug|x64
		{EF92CF8B-C8A4-49D4-B7D3-9FC604991467}.Debug|x86.ActiveCfg = Debug|x86
		{EF92CF8B-C8A4-49D4-B7D3-9FC604991467}.Debug|x86.Build.0 = Debug|x86
		{EF92CF8B-C8A4-49D4-B7D3-9FC604991467}.Debug|x86.Deploy.0 = Debug|x86
		{EF92CF8B-C8A4-49D4-B7D3-9FC604991467}.Release|Any CPU.ActiveCfg = Release|x64
		{EF92CF8B-C8A4-49D4-B7D3-9FC604991467}.Release|Any CPU.Build.0 = Release|x64
		{EF92CF8B-C8A4-49D4-B7D3-9FC604991467}.Release|Any CPU.Deploy.0 = Release|x64
		{EF92CF8B-C8A4-49D4-B7D3-9FC604991467}.Release|ARM.ActiveCfg = Release|ARM
		{EF92CF8B-C8A4-49D4-B7D3-9FC604991467}.Release|ARM.Build.0 = Release|ARM
		{EF92CF8B-C8A4-49D4-B7D3-9FC604991467}.Release|ARM.Deploy.0 = Release|ARM
		{EF92CF8B-C8A4-49D4-B7D3-9FC604991467}.Release|iPhone.ActiveCfg = Release|x64
		{EF92CF8B-C8A4-49D4-B7D3-9FC604991467}.Release|iPhone.Build.0 = Release|x64
		{EF92CF8B-C8A4-49D4-B7D3-9FC604991467}.Release|iPhone.Deploy.0 = Release|x64
		{EF92CF8B-C8A4-49D4-B7D3-9FC604991467}.Release|iPhoneSimulator.ActiveCfg = Release|x64
		{EF92CF8B-C8A4-49D4-B7D3-9FC604991467}.Release|iPhoneSimulator.Build.0 = Release|x64
		{EF92CF8B-C8A4-49D4-B7D3-9FC604991467}.Release|iPhoneSimulator.Deploy.0 = Release|x64
		{EF92CF8B-C8A4-49D4-B7D3-9FC604991467}.Release|x64.ActiveCfg = Release|x64
		{EF92CF8B-C8A4-49D4-B7D3-9FC604991467}.Release|x64.Build.0 = Release|x64
		{EF92CF8B-C8A4-49D4-B7D3-9FC604991467}.Release|x64.Deploy.0 = Release|x64
		{EF92CF8B-C8A4-49D4-B7D3-9FC604991467}.Release|x86.ActiveCfg = Release|x86
		{EF92CF8B-C8A4-49D4-B7D3-9FC604991467}.Release|x86.Build.0 = Release|x86
		{EF92CF8B-C8A4-49D4-B7D3-9FC604991467}.Release|x86.Deploy.0 = Release|x86
		{A10F6A90-21D2-461C-AD92-6B6AC328D886}.Debug|Any CPU.ActiveCfg = Debug|Any CPU
		{A10F6A90-21D2-461C-AD92-6B6AC328D886}.Debug|Any CPU.Build.0 = Debug|Any CPU
		{A10F6A90-21D2-461C-AD92-6B6AC328D886}.Debug|Any CPU.Deploy.0 = Debug|Any CPU
		{A10F6A90-21D2-461C-AD92-6B6AC328D886}.Debug|ARM.ActiveCfg = Debug|Any CPU
		{A10F6A90-21D2-461C-AD92-6B6AC328D886}.Debug|ARM.Build.0 = Debug|Any CPU
		{A10F6A90-21D2-461C-AD92-6B6AC328D886}.Debug|ARM.Deploy.0 = Debug|Any CPU
		{A10F6A90-21D2-461C-AD92-6B6AC328D886}.Debug|iPhone.ActiveCfg = Debug|Any CPU
		{A10F6A90-21D2-461C-AD92-6B6AC328D886}.Debug|iPhone.Build.0 = Debug|Any CPU
		{A10F6A90-21D2-461C-AD92-6B6AC328D886}.Debug|iPhone.Deploy.0 = Debug|Any CPU
		{A10F6A90-21D2-461C-AD92-6B6AC328D886}.Debug|iPhoneSimulator.ActiveCfg = Debug|Any CPU
		{A10F6A90-21D2-461C-AD92-6B6AC328D886}.Debug|iPhoneSimulator.Build.0 = Debug|Any CPU
		{A10F6A90-21D2-461C-AD92-6B6AC328D886}.Debug|iPhoneSimulator.Deploy.0 = Debug|Any CPU
		{A10F6A90-21D2-461C-AD92-6B6AC328D886}.Debug|x64.ActiveCfg = Debug|Any CPU
		{A10F6A90-21D2-461C-AD92-6B6AC328D886}.Debug|x64.Build.0 = Debug|Any CPU
		{A10F6A90-21D2-461C-AD92-6B6AC328D886}.Debug|x64.Deploy.0 = Debug|Any CPU
		{A10F6A90-21D2-461C-AD92-6B6AC328D886}.Debug|x86.ActiveCfg = Debug|Any CPU
		{A10F6A90-21D2-461C-AD92-6B6AC328D886}.Debug|x86.Build.0 = Debug|Any CPU
		{A10F6A90-21D2-461C-AD92-6B6AC328D886}.Debug|x86.Deploy.0 = Debug|Any CPU
		{A10F6A90-21D2-461C-AD92-6B6AC328D886}.Release|Any CPU.ActiveCfg = Release|Any CPU
		{A10F6A90-21D2-461C-AD92-6B6AC328D886}.Release|Any CPU.Build.0 = Release|Any CPU
		{A10F6A90-21D2-461C-AD92-6B6AC328D886}.Release|Any CPU.Deploy.0 = Release|Any CPU
		{A10F6A90-21D2-461C-AD92-6B6AC328D886}.Release|ARM.ActiveCfg = Release|Any CPU
		{A10F6A90-21D2-461C-AD92-6B6AC328D886}.Release|ARM.Build.0 = Release|Any CPU
		{A10F6A90-21D2-461C-AD92-6B6AC328D886}.Release|ARM.Deploy.0 = Release|Any CPU
		{A10F6A90-21D2-461C-AD92-6B6AC328D886}.Release|iPhone.ActiveCfg = Release|Any CPU
		{A10F6A90-21D2-461C-AD92-6B6AC328D886}.Release|iPhone.Build.0 = Release|Any CPU
		{A10F6A90-21D2-461C-AD92-6B6AC328D886}.Release|iPhone.Deploy.0 = Release|Any CPU
		{A10F6A90-21D2-461C-AD92-6B6AC328D886}.Release|iPhoneSimulator.ActiveCfg = Release|Any CPU
		{A10F6A90-21D2-461C-AD92-6B6AC328D886}.Release|iPhoneSimulator.Build.0 = Release|Any CPU
		{A10F6A90-21D2-461C-AD92-6B6AC328D886}.Release|iPhoneSimulator.Deploy.0 = Release|Any CPU
		{A10F6A90-21D2-461C-AD92-6B6AC328D886}.Release|x64.ActiveCfg = Release|Any CPU
		{A10F6A90-21D2-461C-AD92-6B6AC328D886}.Release|x64.Build.0 = Release|Any CPU
		{A10F6A90-21D2-461C-AD92-6B6AC328D886}.Release|x64.Deploy.0 = Release|Any CPU
		{A10F6A90-21D2-461C-AD92-6B6AC328D886}.Release|x86.ActiveCfg = Release|Any CPU
		{A10F6A90-21D2-461C-AD92-6B6AC328D886}.Release|x86.Build.0 = Release|Any CPU
		{A10F6A90-21D2-461C-AD92-6B6AC328D886}.Release|x86.Deploy.0 = Release|Any CPU
		{7246C41C-8279-4539-A812-0C01379CFBFA}.Debug|Any CPU.ActiveCfg = Debug|iPhoneSimulator
		{7246C41C-8279-4539-A812-0C01379CFBFA}.Debug|Any CPU.Build.0 = Debug|iPhoneSimulator
		{7246C41C-8279-4539-A812-0C01379CFBFA}.Debug|Any CPU.Deploy.0 = Debug|iPhoneSimulator
		{7246C41C-8279-4539-A812-0C01379CFBFA}.Debug|ARM.ActiveCfg = Debug|iPhoneSimulator
		{7246C41C-8279-4539-A812-0C01379CFBFA}.Debug|ARM.Build.0 = Debug|iPhoneSimulator
		{7246C41C-8279-4539-A812-0C01379CFBFA}.Debug|ARM.Deploy.0 = Debug|iPhoneSimulator
		{7246C41C-8279-4539-A812-0C01379CFBFA}.Debug|iPhone.ActiveCfg = Debug|iPhone
		{7246C41C-8279-4539-A812-0C01379CFBFA}.Debug|iPhone.Build.0 = Debug|iPhone
		{7246C41C-8279-4539-A812-0C01379CFBFA}.Debug|iPhone.Deploy.0 = Debug|iPhone
		{7246C41C-8279-4539-A812-0C01379CFBFA}.Debug|iPhoneSimulator.ActiveCfg = Debug|iPhoneSimulator
		{7246C41C-8279-4539-A812-0C01379CFBFA}.Debug|iPhoneSimulator.Build.0 = Debug|iPhoneSimulator
		{7246C41C-8279-4539-A812-0C01379CFBFA}.Debug|iPhoneSimulator.Deploy.0 = Debug|iPhoneSimulator
		{7246C41C-8279-4539-A812-0C01379CFBFA}.Debug|x64.ActiveCfg = Debug|iPhone
		{7246C41C-8279-4539-A812-0C01379CFBFA}.Debug|x64.Build.0 = Debug|iPhone
		{7246C41C-8279-4539-A812-0C01379CFBFA}.Debug|x64.Deploy.0 = Debug|iPhone
		{7246C41C-8279-4539-A812-0C01379CFBFA}.Debug|x86.ActiveCfg = Debug|iPhoneSimulator
		{7246C41C-8279-4539-A812-0C01379CFBFA}.Debug|x86.Build.0 = Debug|iPhoneSimulator
		{7246C41C-8279-4539-A812-0C01379CFBFA}.Debug|x86.Deploy.0 = Debug|iPhoneSimulator
		{7246C41C-8279-4539-A812-0C01379CFBFA}.Release|Any CPU.ActiveCfg = Release|iPhoneSimulator
		{7246C41C-8279-4539-A812-0C01379CFBFA}.Release|Any CPU.Build.0 = Release|iPhoneSimulator
		{7246C41C-8279-4539-A812-0C01379CFBFA}.Release|Any CPU.Deploy.0 = Release|iPhoneSimulator
		{7246C41C-8279-4539-A812-0C01379CFBFA}.Release|ARM.ActiveCfg = Release|iPhoneSimulator
		{7246C41C-8279-4539-A812-0C01379CFBFA}.Release|ARM.Build.0 = Release|iPhoneSimulator
		{7246C41C-8279-4539-A812-0C01379CFBFA}.Release|ARM.Deploy.0 = Release|iPhoneSimulator
		{7246C41C-8279-4539-A812-0C01379CFBFA}.Release|iPhone.ActiveCfg = Release|iPhone
		{7246C41C-8279-4539-A812-0C01379CFBFA}.Release|iPhone.Build.0 = Release|iPhone
		{7246C41C-8279-4539-A812-0C01379CFBFA}.Release|iPhone.Deploy.0 = Release|iPhone
		{7246C41C-8279-4539-A812-0C01379CFBFA}.Release|iPhoneSimulator.ActiveCfg = Release|iPhoneSimulator
		{7246C41C-8279-4539-A812-0C01379CFBFA}.Release|iPhoneSimulator.Build.0 = Release|iPhoneSimulator
		{7246C41C-8279-4539-A812-0C01379CFBFA}.Release|iPhoneSimulator.Deploy.0 = Release|iPhoneSimulator
		{7246C41C-8279-4539-A812-0C01379CFBFA}.Release|x64.ActiveCfg = Release|iPhoneSimulator
		{7246C41C-8279-4539-A812-0C01379CFBFA}.Release|x64.Build.0 = Release|iPhoneSimulator
		{7246C41C-8279-4539-A812-0C01379CFBFA}.Release|x64.Deploy.0 = Release|iPhoneSimulator
		{7246C41C-8279-4539-A812-0C01379CFBFA}.Release|x86.ActiveCfg = Release|iPhoneSimulator
		{7246C41C-8279-4539-A812-0C01379CFBFA}.Release|x86.Build.0 = Release|iPhoneSimulator
		{7246C41C-8279-4539-A812-0C01379CFBFA}.Release|x86.Deploy.0 = Release|iPhoneSimulator
		{33543620-3E00-4C1C-86C0-5768A250813A}.Debug|Any CPU.ActiveCfg = Debug|Any CPU
		{33543620-3E00-4C1C-86C0-5768A250813A}.Debug|Any CPU.Build.0 = Debug|Any CPU
		{33543620-3E00-4C1C-86C0-5768A250813A}.Debug|Any CPU.Deploy.0 = Debug|Any CPU
		{33543620-3E00-4C1C-86C0-5768A250813A}.Debug|ARM.ActiveCfg = Debug|Any CPU
		{33543620-3E00-4C1C-86C0-5768A250813A}.Debug|ARM.Build.0 = Debug|Any CPU
		{33543620-3E00-4C1C-86C0-5768A250813A}.Debug|ARM.Deploy.0 = Debug|Any CPU
		{33543620-3E00-4C1C-86C0-5768A250813A}.Debug|iPhone.ActiveCfg = Debug|Any CPU
		{33543620-3E00-4C1C-86C0-5768A250813A}.Debug|iPhone.Build.0 = Debug|Any CPU
		{33543620-3E00-4C1C-86C0-5768A250813A}.Debug|iPhone.Deploy.0 = Debug|Any CPU
		{33543620-3E00-4C1C-86C0-5768A250813A}.Debug|iPhoneSimulator.ActiveCfg = Debug|Any CPU
		{33543620-3E00-4C1C-86C0-5768A250813A}.Debug|iPhoneSimulator.Build.0 = Debug|Any CPU
		{33543620-3E00-4C1C-86C0-5768A250813A}.Debug|iPhoneSimulator.Deploy.0 = Debug|Any CPU
		{33543620-3E00-4C1C-86C0-5768A250813A}.Debug|x64.ActiveCfg = Debug|Any CPU
		{33543620-3E00-4C1C-86C0-5768A250813A}.Debug|x64.Build.0 = Debug|Any CPU
		{33543620-3E00-4C1C-86C0-5768A250813A}.Debug|x64.Deploy.0 = Debug|Any CPU
		{33543620-3E00-4C1C-86C0-5768A250813A}.Debug|x86.ActiveCfg = Debug|Any CPU
		{33543620-3E00-4C1C-86C0-5768A250813A}.Debug|x86.Build.0 = Debug|Any CPU
		{33543620-3E00-4C1C-86C0-5768A250813A}.Debug|x86.Deploy.0 = Debug|Any CPU
		{33543620-3E00-4C1C-86C0-5768A250813A}.Release|Any CPU.ActiveCfg = Release|Any CPU
		{33543620-3E00-4C1C-86C0-5768A250813A}.Release|Any CPU.Build.0 = Release|Any CPU
		{33543620-3E00-4C1C-86C0-5768A250813A}.Release|Any CPU.Deploy.0 = Release|Any CPU
		{33543620-3E00-4C1C-86C0-5768A250813A}.Release|ARM.ActiveCfg = Release|Any CPU
		{33543620-3E00-4C1C-86C0-5768A250813A}.Release|ARM.Build.0 = Release|Any CPU
		{33543620-3E00-4C1C-86C0-5768A250813A}.Release|ARM.Deploy.0 = Release|Any CPU
		{33543620-3E00-4C1C-86C0-5768A250813A}.Release|iPhone.ActiveCfg = Release|Any CPU
		{33543620-3E00-4C1C-86C0-5768A250813A}.Release|iPhone.Build.0 = Release|Any CPU
		{33543620-3E00-4C1C-86C0-5768A250813A}.Release|iPhone.Deploy.0 = Release|Any CPU
		{33543620-3E00-4C1C-86C0-5768A250813A}.Release|iPhoneSimulator.ActiveCfg = Release|Any CPU
		{33543620-3E00-4C1C-86C0-5768A250813A}.Release|iPhoneSimulator.Build.0 = Release|Any CPU
		{33543620-3E00-4C1C-86C0-5768A250813A}.Release|iPhoneSimulator.Deploy.0 = Release|Any CPU
		{33543620-3E00-4C1C-86C0-5768A250813A}.Release|x64.ActiveCfg = Release|Any CPU
		{33543620-3E00-4C1C-86C0-5768A250813A}.Release|x64.Build.0 = Release|Any CPU
		{33543620-3E00-4C1C-86C0-5768A250813A}.Release|x64.Deploy.0 = Release|Any CPU
		{33543620-3E00-4C1C-86C0-5768A250813A}.Release|x86.ActiveCfg = Release|Any CPU
		{33543620-3E00-4C1C-86C0-5768A250813A}.Release|x86.Build.0 = Release|Any CPU
		{33543620-3E00-4C1C-86C0-5768A250813A}.Release|x86.Deploy.0 = Release|Any CPU
	EndGlobalSection
	GlobalSection(SolutionProperties) = preSolution
		HideSolutionNode = FALSE
	EndGlobalSection
	GlobalSection(ExtensibilityGlobals) = postSolution
		SolutionGuid = {090689AC-E0C2-46C6-8363-1D2E0614C60F}
	EndGlobalSection
EndGlobal
